// !$*UTF8*$!
{
	archiveVersion = 1;
	classes = {
	};
	objectVersion = 51;
	objects = {

/* Begin PBXBuildFile section */
		922EE28725D4389400C71870 /* Chapter.swift in Sources */ = {isa = PBXBuildFile; fileRef = 922EE28625D4389400C71870 /* Chapter.swift */; };
		922EE28A25D44C2A00C71870 /* Constants.swift in Sources */ = {isa = PBXBuildFile; fileRef = 922EE28925D44C2A00C71870 /* Constants.swift */; };
		922EE28C25D4605400C71870 /* ChapterDetailVC.swift in Sources */ = {isa = PBXBuildFile; fileRef = 922EE28B25D4605400C71870 /* ChapterDetailVC.swift */; };
		922EE28E25D4606600C71870 /* CharacterDetailVC.swift in Sources */ = {isa = PBXBuildFile; fileRef = 922EE28D25D4606600C71870 /* CharacterDetailVC.swift */; };
		926A832F25D35CF500651424 /* AppDelegate.swift in Sources */ = {isa = PBXBuildFile; fileRef = 926A832E25D35CF500651424 /* AppDelegate.swift */; };
		926A833125D35CF500651424 /* SceneDelegate.swift in Sources */ = {isa = PBXBuildFile; fileRef = 926A833025D35CF500651424 /* SceneDelegate.swift */; };
		926A833325D35CF500651424 /* HomeVC.swift in Sources */ = {isa = PBXBuildFile; fileRef = 926A833225D35CF500651424 /* HomeVC.swift */; };
		926A833625D35CF500651424 /* Main.storyboard in Resources */ = {isa = PBXBuildFile; fileRef = 926A833425D35CF500651424 /* Main.storyboard */; };
		926A833825D35CF600651424 /* Assets.xcassets in Resources */ = {isa = PBXBuildFile; fileRef = 926A833725D35CF600651424 /* Assets.xcassets */; };
		926A833B25D35CF600651424 /* LaunchScreen.storyboard in Resources */ = {isa = PBXBuildFile; fileRef = 926A833925D35CF600651424 /* LaunchScreen.storyboard */; };
		926A834525D35F1500651424 /* MenuButton.swift in Sources */ = {isa = PBXBuildFile; fileRef = 926A834425D35F1500651424 /* MenuButton.swift */; };
		926A834725D3639600651424 /* ChaptersVC.swift in Sources */ = {isa = PBXBuildFile; fileRef = 926A834625D3639600651424 /* ChaptersVC.swift */; };
		926A834925D363AA00651424 /* CharactersVC.swift in Sources */ = {isa = PBXBuildFile; fileRef = 926A834825D363AA00651424 /* CharactersVC.swift */; };
		926A834B25D3877D00651424 /* CharacterCell.swift in Sources */ = {isa = PBXBuildFile; fileRef = 926A834A25D3877D00651424 /* CharacterCell.swift */; };
		926A834D25D3878E00651424 /* ChapterCell.swift in Sources */ = {isa = PBXBuildFile; fileRef = 926A834C25D3878E00651424 /* ChapterCell.swift */; };
		926A835025D38B8500651424 /* Character.swift in Sources */ = {isa = PBXBuildFile; fileRef = 926A834F25D38B8500651424 /* Character.swift */; };
		926A835325D38D2500651424 /* DataService.swift in Sources */ = {isa = PBXBuildFile; fileRef = 926A835225D38D2500651424 /* DataService.swift */; };
		929CCDE125D5900C00F78D08 /* characters.json in Resources */ = {isa = PBXBuildFile; fileRef = 929CCDE025D5900C00F78D08 /* characters.json */; };
		929CCDE525D5A06E00F78D08 /* bounties.json in Resources */ = {isa = PBXBuildFile; fileRef = 929CCDE425D5A06E00F78D08 /* bounties.json */; };
		929CCDE725D5D3C300F78D08 /* heights.json in Resources */ = {isa = PBXBuildFile; fileRef = 929CCDE625D5D3C300F78D08 /* heights.json */; };
		929CCDE925D5E82800F78D08 /* DynamicTextView.swift in Sources */ = {isa = PBXBuildFile; fileRef = 929CCDE825D5E82800F78D08 /* DynamicTextView.swift */; };
		929CCDEB25D62BBC00F78D08 /* summary.json in Resources */ = {isa = PBXBuildFile; fileRef = 929CCDEA25D62BBC00F78D08 /* summary.json */; };
		DE6F78BCBE0AD2C9F2206AF2 /* Pods_One_Piece.framework in Frameworks */ = {isa = PBXBuildFile; fileRef = D04C18B3E33DFE918A8C603D /* Pods_One_Piece.framework */; };
/* End PBXBuildFile section */

/* Begin PBXFileReference section */
		4FD20D2B4B680FAFDE52F260 /* Pods-One Piece.release.xcconfig */ = {isa = PBXFileReference; includeInIndex = 1; lastKnownFileType = text.xcconfig; name = "Pods-One Piece.release.xcconfig"; path = "Target Support Files/Pods-One Piece/Pods-One Piece.release.xcconfig"; sourceTree = "<group>"; };
		922EE28625D4389400C71870 /* Chapter.swift */ = {isa = PBXFileReference; lastKnownFileType = sourcecode.swift; path = Chapter.swift; sourceTree = "<group>"; };
		922EE28925D44C2A00C71870 /* Constants.swift */ = {isa = PBXFileReference; lastKnownFileType = sourcecode.swift; path = Constants.swift; sourceTree = "<group>"; };
		922EE28B25D4605400C71870 /* ChapterDetailVC.swift */ = {isa = PBXFileReference; lastKnownFileType = sourcecode.swift; path = ChapterDetailVC.swift; sourceTree = "<group>"; };
		922EE28D25D4606600C71870 /* CharacterDetailVC.swift */ = {isa = PBXFileReference; lastKnownFileType = sourcecode.swift; path = CharacterDetailVC.swift; sourceTree = "<group>"; };
		926A832B25D35CF500651424 /* One Piece.app */ = {isa = PBXFileReference; explicitFileType = wrapper.application; includeInIndex = 0; path = "One Piece.app"; sourceTree = BUILT_PRODUCTS_DIR; };
		926A832E25D35CF500651424 /* AppDelegate.swift */ = {isa = PBXFileReference; lastKnownFileType = sourcecode.swift; path = AppDelegate.swift; sourceTree = "<group>"; };
		926A833025D35CF500651424 /* SceneDelegate.swift */ = {isa = PBXFileReference; lastKnownFileType = sourcecode.swift; path = SceneDelegate.swift; sourceTree = "<group>"; };
		926A833225D35CF500651424 /* HomeVC.swift */ = {isa = PBXFileReference; lastKnownFileType = sourcecode.swift; path = HomeVC.swift; sourceTree = "<group>"; };
		926A833525D35CF500651424 /* Base */ = {isa = PBXFileReference; lastKnownFileType = file.storyboard; name = Base; path = Base.lproj/Main.storyboard; sourceTree = "<group>"; };
		926A833725D35CF600651424 /* Assets.xcassets */ = {isa = PBXFileReference; lastKnownFileType = folder.assetcatalog; path = Assets.xcassets; sourceTree = "<group>"; };
		926A833A25D35CF600651424 /* Base */ = {isa = PBXFileReference; lastKnownFileType = file.storyboard; name = Base; path = Base.lproj/LaunchScreen.storyboard; sourceTree = "<group>"; };
		926A833C25D35CF600651424 /* Info.plist */ = {isa = PBXFileReference; lastKnownFileType = text.plist.xml; path = Info.plist; sourceTree = "<group>"; };
		926A834425D35F1500651424 /* MenuButton.swift */ = {isa = PBXFileReference; lastKnownFileType = sourcecode.swift; path = MenuButton.swift; sourceTree = "<group>"; };
		926A834625D3639600651424 /* ChaptersVC.swift */ = {isa = PBXFileReference; lastKnownFileType = sourcecode.swift; path = ChaptersVC.swift; sourceTree = "<group>"; };
		926A834825D363AA00651424 /* CharactersVC.swift */ = {isa = PBXFileReference; lastKnownFileType = sourcecode.swift; path = CharactersVC.swift; sourceTree = "<group>"; };
		926A834A25D3877D00651424 /* CharacterCell.swift */ = {isa = PBXFileReference; lastKnownFileType = sourcecode.swift; path = CharacterCell.swift; sourceTree = "<group>"; };
		926A834C25D3878E00651424 /* ChapterCell.swift */ = {isa = PBXFileReference; lastKnownFileType = sourcecode.swift; path = ChapterCell.swift; sourceTree = "<group>"; };
		926A834F25D38B8500651424 /* Character.swift */ = {isa = PBXFileReference; lastKnownFileType = sourcecode.swift; path = Character.swift; sourceTree = "<group>"; };
		926A835225D38D2500651424 /* DataService.swift */ = {isa = PBXFileReference; lastKnownFileType = sourcecode.swift; path = DataService.swift; sourceTree = "<group>"; };
		929CCDE025D5900C00F78D08 /* characters.json */ = {isa = PBXFileReference; fileEncoding = 4; lastKnownFileType = text.json; path = characters.json; sourceTree = "<group>"; };
		929CCDE425D5A06E00F78D08 /* bounties.json */ = {isa = PBXFileReference; fileEncoding = 4; lastKnownFileType = text.json; path = bounties.json; sourceTree = "<group>"; };
		929CCDE625D5D3C300F78D08 /* heights.json */ = {isa = PBXFileReference; fileEncoding = 4; lastKnownFileType = text.json; path = heights.json; sourceTree = "<group>"; };
		929CCDE825D5E82800F78D08 /* DynamicTextView.swift */ = {isa = PBXFileReference; lastKnownFileType = sourcecode.swift; path = DynamicTextView.swift; sourceTree = "<group>"; };
		929CCDEA25D62BBC00F78D08 /* summary.json */ = {isa = PBXFileReference; fileEncoding = 4; lastKnownFileType = text.json; path = summary.json; sourceTree = "<group>"; };
		D04C18B3E33DFE918A8C603D /* Pods_One_Piece.framework */ = {isa = PBXFileReference; explicitFileType = wrapper.framework; includeInIndex = 0; path = Pods_One_Piece.framework; sourceTree = BUILT_PRODUCTS_DIR; };
		F81E227DBF2E80B4139A4B4F /* Pods-One Piece.debug.xcconfig */ = {isa = PBXFileReference; includeInIndex = 1; lastKnownFileType = text.xcconfig; name = "Pods-One Piece.debug.xcconfig"; path = "Target Support Files/Pods-One Piece/Pods-One Piece.debug.xcconfig"; sourceTree = "<group>"; };
/* End PBXFileReference section */

/* Begin PBXFrameworksBuildPhase section */
		926A832825D35CF500651424 /* Frameworks */ = {
			isa = PBXFrameworksBuildPhase;
			buildActionMask = 2147483647;
			files = (
				DE6F78BCBE0AD2C9F2206AF2 /* Pods_One_Piece.framework in Frameworks */,
			);
			runOnlyForDeploymentPostprocessing = 0;
		};
/* End PBXFrameworksBuildPhase section */

/* Begin PBXGroup section */
		4721566436C18CB40C3AF8FC /* Frameworks */ = {
			isa = PBXGroup;
			children = (
				D04C18B3E33DFE918A8C603D /* Pods_One_Piece.framework */,
			);
			name = Frameworks;
			sourceTree = "<group>";
		};
		4D4C26A76F5B1FDC4C517858 /* Pods */ = {
			isa = PBXGroup;
			children = (
				F81E227DBF2E80B4139A4B4F /* Pods-One Piece.debug.xcconfig */,
				4FD20D2B4B680FAFDE52F260 /* Pods-One Piece.release.xcconfig */,
			);
			path = Pods;
			sourceTree = "<group>";
		};
		922EE28825D44C1900C71870 /* Utilities */ = {
			isa = PBXGroup;
			children = (
				922EE28925D44C2A00C71870 /* Constants.swift */,
			);
			path = Utilities;
			sourceTree = "<group>";
		};
		926A832225D35CF500651424 = {
			isa = PBXGroup;
			children = (
				926A832D25D35CF500651424 /* One Piece */,
				926A832C25D35CF500651424 /* Products */,
				4D4C26A76F5B1FDC4C517858 /* Pods */,
				4721566436C18CB40C3AF8FC /* Frameworks */,
			);
			sourceTree = "<group>";
		};
		926A832C25D35CF500651424 /* Products */ = {
			isa = PBXGroup;
			children = (
				926A832B25D35CF500651424 /* One Piece.app */,
			);
			name = Products;
			sourceTree = "<group>";
		};
		926A832D25D35CF500651424 /* One Piece */ = {
			isa = PBXGroup;
			children = (
				929CCDDF25D58FA200F78D08 /* Resources */,
				922EE28825D44C1900C71870 /* Utilities */,
				926A835125D38D0E00651424 /* Services */,
				926A834E25D38B6100651424 /* Models */,
				926A834325D35EEB00651424 /* Controllers */,
				926A834225D35EDD00651424 /* Views */,
				926A832E25D35CF500651424 /* AppDelegate.swift */,
				926A833025D35CF500651424 /* SceneDelegate.swift */,
				926A833425D35CF500651424 /* Main.storyboard */,
				926A833725D35CF600651424 /* Assets.xcassets */,
				926A833925D35CF600651424 /* LaunchScreen.storyboard */,
				926A833C25D35CF600651424 /* Info.plist */,
			);
			path = "One Piece";
			sourceTree = "<group>";
		};
		926A834225D35EDD00651424 /* Views */ = {
			isa = PBXGroup;
			children = (
				926A834425D35F1500651424 /* MenuButton.swift */,
				926A834A25D3877D00651424 /* CharacterCell.swift */,
				926A834C25D3878E00651424 /* ChapterCell.swift */,
				929CCDE825D5E82800F78D08 /* DynamicTextView.swift */,
			);
			path = Views;
			sourceTree = "<group>";
		};
		926A834325D35EEB00651424 /* Controllers */ = {
			isa = PBXGroup;
			children = (
				926A833225D35CF500651424 /* HomeVC.swift */,
				926A834625D3639600651424 /* ChaptersVC.swift */,
				926A834825D363AA00651424 /* CharactersVC.swift */,
				922EE28B25D4605400C71870 /* ChapterDetailVC.swift */,
				922EE28D25D4606600C71870 /* CharacterDetailVC.swift */,
			);
			path = Controllers;
			sourceTree = "<group>";
		};
		926A834E25D38B6100651424 /* Models */ = {
			isa = PBXGroup;
			children = (
				926A834F25D38B8500651424 /* Character.swift */,
				922EE28625D4389400C71870 /* Chapter.swift */,
			);
			path = Models;
			sourceTree = "<group>";
		};
		926A835125D38D0E00651424 /* Services */ = {
			isa = PBXGroup;
			children = (
				926A835225D38D2500651424 /* DataService.swift */,
			);
			path = Services;
			sourceTree = "<group>";
		};
		929CCDDF25D58FA200F78D08 /* Resources */ = {
			isa = PBXGroup;
			children = (
				929CCDE625D5D3C300F78D08 /* heights.json */,
				929CCDEA25D62BBC00F78D08 /* summary.json */,
				929CCDE425D5A06E00F78D08 /* bounties.json */,
				929CCDE025D5900C00F78D08 /* characters.json */,
			);
			path = Resources;
			sourceTree = "<group>";
		};
/* End PBXGroup section */

/* Begin PBXNativeTarget section */
		926A832A25D35CF500651424 /* One Piece */ = {
			isa = PBXNativeTarget;
			buildConfigurationList = 926A833F25D35CF600651424 /* Build configuration list for PBXNativeTarget "One Piece" */;
			buildPhases = (
				CF1922502755E7A20A7954BA /* [CP] Check Pods Manifest.lock */,
				926A832725D35CF500651424 /* Sources */,
				926A832825D35CF500651424 /* Frameworks */,
				926A832925D35CF500651424 /* Resources */,
				2F878BA59D1E4AF82DBF7A13 /* [CP] Embed Pods Frameworks */,
			);
			buildRules = (
			);
			dependencies = (
			);
			name = "One Piece";
			productName = "One Piece";
			productReference = 926A832B25D35CF500651424 /* One Piece.app */;
			productType = "com.apple.product-type.application";
		};
/* End PBXNativeTarget section */

/* Begin PBXProject section */
		926A832325D35CF500651424 /* Project object */ = {
			isa = PBXProject;
			attributes = {
				LastSwiftUpdateCheck = 1170;
				LastUpgradeCheck = 1170;
				ORGANIZATIONNAME = "Jerry Lai";
				TargetAttributes = {
					926A832A25D35CF500651424 = {
						CreatedOnToolsVersion = 11.7;
					};
				};
			};
			buildConfigurationList = 926A832625D35CF500651424 /* Build configuration list for PBXProject "One Piece" */;
			compatibilityVersion = "Xcode 9.3";
			developmentRegion = en;
			hasScannedForEncodings = 0;
			knownRegions = (
				en,
				Base,
			);
			mainGroup = 926A832225D35CF500651424;
			productRefGroup = 926A832C25D35CF500651424 /* Products */;
			projectDirPath = "";
			projectRoot = "";
			targets = (
				926A832A25D35CF500651424 /* One Piece */,
			);
		};
/* End PBXProject section */

/* Begin PBXResourcesBuildPhase section */
		926A832925D35CF500651424 /* Resources */ = {
			isa = PBXResourcesBuildPhase;
			buildActionMask = 2147483647;
			files = (
				929CCDE525D5A06E00F78D08 /* bounties.json in Resources */,
				926A833B25D35CF600651424 /* LaunchScreen.storyboard in Resources */,
				929CCDEB25D62BBC00F78D08 /* summary.json in Resources */,
				926A833825D35CF600651424 /* Assets.xcassets in Resources */,
				926A833625D35CF500651424 /* Main.storyboard in Resources */,
				929CCDE725D5D3C300F78D08 /* heights.json in Resources */,
				929CCDE125D5900C00F78D08 /* characters.json in Resources */,
			);
			runOnlyForDeploymentPostprocessing = 0;
		};
/* End PBXResourcesBuildPhase section */

/* Begin PBXShellScriptBuildPhase section */
		2F878BA59D1E4AF82DBF7A13 /* [CP] Embed Pods Frameworks */ = {
			isa = PBXShellScriptBuildPhase;
			buildActionMask = 2147483647;
			files = (
			);
			inputFileListPaths = (
				"${PODS_ROOT}/Target Support Files/Pods-One Piece/Pods-One Piece-frameworks-${CONFIGURATION}-input-files.xcfilelist",
			);
			name = "[CP] Embed Pods Frameworks";
			outputFileListPaths = (
				"${PODS_ROOT}/Target Support Files/Pods-One Piece/Pods-One Piece-frameworks-${CONFIGURATION}-output-files.xcfilelist",
			);
			runOnlyForDeploymentPostprocessing = 0;
			shellPath = /bin/sh;
			shellScript = "\"${PODS_ROOT}/Target Support Files/Pods-One Piece/Pods-One Piece-frameworks.sh\"\n";
			showEnvVarsInLog = 0;
		};
		CF1922502755E7A20A7954BA /* [CP] Check Pods Manifest.lock */ = {
			isa = PBXShellScriptBuildPhase;
			buildActionMask = 2147483647;
			files = (
			);
			inputFileListPaths = (
			);
			inputPaths = (
				"${PODS_PODFILE_DIR_PATH}/Podfile.lock",
				"${PODS_ROOT}/Manifest.lock",
			);
			name = "[CP] Check Pods Manifest.lock";
			outputFileListPaths = (
			);
			outputPaths = (
				"$(DERIVED_FILE_DIR)/Pods-One Piece-checkManifestLockResult.txt",
			);
			runOnlyForDeploymentPostprocessing = 0;
			shellPath = /bin/sh;
			shellScript = "diff \"${PODS_PODFILE_DIR_PATH}/Podfile.lock\" \"${PODS_ROOT}/Manifest.lock\" > /dev/null\nif [ $? != 0 ] ; then\n    # print error to STDERR\n    echo \"error: The sandbox is not in sync with the Podfile.lock. Run 'pod install' or update your CocoaPods installation.\" >&2\n    exit 1\nfi\n# This output is used by Xcode 'outputs' to avoid re-running this script phase.\necho \"SUCCESS\" > \"${SCRIPT_OUTPUT_FILE_0}\"\n";
			showEnvVarsInLog = 0;
		};
/* End PBXShellScriptBuildPhase section */

/* Begin PBXSourcesBuildPhase section */
		926A832725D35CF500651424 /* Sources */ = {
			isa = PBXSourcesBuildPhase;
			buildActionMask = 2147483647;
			files = (
				926A835025D38B8500651424 /* Character.swift in Sources */,
				926A834925D363AA00651424 /* CharactersVC.swift in Sources */,
				929CCDE925D5E82800F78D08 /* DynamicTextView.swift in Sources */,
				926A834725D3639600651424 /* ChaptersVC.swift in Sources */,
				926A834525D35F1500651424 /* MenuButton.swift in Sources */,
				926A834D25D3878E00651424 /* ChapterCell.swift in Sources */,
				926A834B25D3877D00651424 /* CharacterCell.swift in Sources */,
				926A833325D35CF500651424 /* HomeVC.swift in Sources */,
				926A832F25D35CF500651424 /* AppDelegate.swift in Sources */,
				926A833125D35CF500651424 /* SceneDelegate.swift in Sources */,
				926A835325D38D2500651424 /* DataService.swift in Sources */,
				922EE28725D4389400C71870 /* Chapter.swift in Sources */,
				922EE28E25D4606600C71870 /* CharacterDetailVC.swift in Sources */,
				922EE28A25D44C2A00C71870 /* Constants.swift in Sources */,
				922EE28C25D4605400C71870 /* ChapterDetailVC.swift in Sources */,
			);
			runOnlyForDeploymentPostprocessing = 0;
		};
/* End PBXSourcesBuildPhase section */

/* Begin PBXVariantGroup section */
		926A833425D35CF500651424 /* Main.storyboard */ = {
			isa = PBXVariantGroup;
			children = (
				926A833525D35CF500651424 /* Base */,
			);
			name = Main.storyboard;
			sourceTree = "<group>";
		};
		926A833925D35CF600651424 /* LaunchScreen.storyboard */ = {
			isa = PBXVariantGroup;
			children = (
				926A833A25D35CF600651424 /* Base */,
			);
			name = LaunchScreen.storyboard;
			sourceTree = "<group>";
		};
/* End PBXVariantGroup section */

/* Begin XCBuildConfiguration section */
		926A833D25D35CF600651424 /* Debug */ = {
			isa = XCBuildConfiguration;
			buildSettings = {
				ALWAYS_SEARCH_USER_PATHS = NO;
				CLANG_ANALYZER_NONNULL = YES;
				CLANG_ANALYZER_NUMBER_OBJECT_CONVERSION = YES_AGGRESSIVE;
				CLANG_CXX_LANGUAGE_STANDARD = "gnu++14";
				CLANG_CXX_LIBRARY = "libc++";
				CLANG_ENABLE_MODULES = YES;
				CLANG_ENABLE_OBJC_ARC = YES;
				CLANG_ENABLE_OBJC_WEAK = YES;
				CLANG_WARN_BLOCK_CAPTURE_AUTORELEASING = YES;
				CLANG_WARN_BOOL_CONVERSION = YES;
				CLANG_WARN_COMMA = YES;
				CLANG_WARN_CONSTANT_CONVERSION = YES;
				CLANG_WARN_DEPRECATED_OBJC_IMPLEMENTATIONS = YES;
				CLANG_WARN_DIRECT_OBJC_ISA_USAGE = YES_ERROR;
				CLANG_WARN_DOCUMENTATION_COMMENTS = YES;
				CLANG_WARN_EMPTY_BODY = YES;
				CLANG_WARN_ENUM_CONVERSION = YES;
				CLANG_WARN_INFINITE_RECURSION = YES;
				CLANG_WARN_INT_CONVERSION = YES;
				CLANG_WARN_NON_LITERAL_NULL_CONVERSION = YES;
				CLANG_WARN_OBJC_IMPLICIT_RETAIN_SELF = YES;
				CLANG_WARN_OBJC_LITERAL_CONVERSION = YES;
				CLANG_WARN_OBJC_ROOT_CLASS = YES_ERROR;
				CLANG_WARN_RANGE_LOOP_ANALYSIS = YES;
				CLANG_WARN_STRICT_PROTOTYPES = YES;
				CLANG_WARN_SUSPICIOUS_MOVE = YES;
				CLANG_WARN_UNGUARDED_AVAILABILITY = YES_AGGRESSIVE;
				CLANG_WARN_UNREACHABLE_CODE = YES;
				CLANG_WARN__DUPLICATE_METHOD_MATCH = YES;
				COPY_PHASE_STRIP = NO;
				DEBUG_INFORMATION_FORMAT = dwarf;
				ENABLE_STRICT_OBJC_MSGSEND = YES;
				ENABLE_TESTABILITY = YES;
				GCC_C_LANGUAGE_STANDARD = gnu11;
				GCC_DYNAMIC_NO_PIC = NO;
				GCC_NO_COMMON_BLOCKS = YES;
				GCC_OPTIMIZATION_LEVEL = 0;
				GCC_PREPROCESSOR_DEFINITIONS = (
					"DEBUG=1",
					"$(inherited)",
				);
				GCC_WARN_64_TO_32_BIT_CONVERSION = YES;
				GCC_WARN_ABOUT_RETURN_TYPE = YES_ERROR;
				GCC_WARN_UNDECLARED_SELECTOR = YES;
				GCC_WARN_UNINITIALIZED_AUTOS = YES_AGGRESSIVE;
				GCC_WARN_UNUSED_FUNCTION = YES;
				GCC_WARN_UNUSED_VARIABLE = YES;
				IPHONEOS_DEPLOYMENT_TARGET = 13.7;
				MTL_ENABLE_DEBUG_INFO = INCLUDE_SOURCE;
				MTL_FAST_MATH = YES;
				ONLY_ACTIVE_ARCH = YES;
				SDKROOT = iphoneos;
				SWIFT_ACTIVE_COMPILATION_CONDITIONS = DEBUG;
				SWIFT_OPTIMIZATION_LEVEL = "-Onone";
			};
			name = Debug;
		};
		926A833E25D35CF600651424 /* Release */ = {
			isa = XCBuildConfiguration;
			buildSettings = {
				ALWAYS_SEARCH_USER_PATHS = NO;
				CLANG_ANALYZER_NONNULL = YES;
				CLANG_ANALYZER_NUMBER_OBJECT_CONVERSION = YES_AGGRESSIVE;
				CLANG_CXX_LANGUAGE_STANDARD = "gnu++14";
				CLANG_CXX_LIBRARY = "libc++";
				CLANG_ENABLE_MODULES = YES;
				CLANG_ENABLE_OBJC_ARC = YES;
				CLANG_ENABLE_OBJC_WEAK = YES;
				CLANG_WARN_BLOCK_CAPTURE_AUTORELEASING = YES;
				CLANG_WARN_BOOL_CONVERSION = YES;
				CLANG_WARN_COMMA = YES;
				CLANG_WARN_CONSTANT_CONVERSION = YES;
				CLANG_WARN_DEPRECATED_OBJC_IMPLEMENTATIONS = YES;
				CLANG_WARN_DIRECT_OBJC_ISA_USAGE = YES_ERROR;
				CLANG_WARN_DOCUMENTATION_COMMENTS = YES;
				CLANG_WARN_EMPTY_BODY = YES;
				CLANG_WARN_ENUM_CONVERSION = YES;
				CLANG_WARN_INFINITE_RECURSION = YES;
				CLANG_WARN_INT_CONVERSION = YES;
				CLANG_WARN_NON_LITERAL_NULL_CONVERSION = YES;
				CLANG_WARN_OBJC_IMPLICIT_RETAIN_SELF = YES;
				CLANG_WARN_OBJC_LITERAL_CONVERSION = YES;
				CLANG_WARN_OBJC_ROOT_CLASS = YES_ERROR;
				CLANG_WARN_RANGE_LOOP_ANALYSIS = YES;
				CLANG_WARN_STRICT_PROTOTYPES = YES;
				CLANG_WARN_SUSPICIOUS_MOVE = YES;
				CLANG_WARN_UNGUARDED_AVAILABILITY = YES_AGGRESSIVE;
				CLANG_WARN_UNREACHABLE_CODE = YES;
				CLANG_WARN__DUPLICATE_METHOD_MATCH = YES;
				COPY_PHASE_STRIP = NO;
				DEBUG_INFORMATION_FORMAT = "dwarf-with-dsym";
				ENABLE_NS_ASSERTIONS = NO;
				ENABLE_STRICT_OBJC_MSGSEND = YES;
				GCC_C_LANGUAGE_STANDARD = gnu11;
				GCC_NO_COMMON_BLOCKS = YES;
				GCC_WARN_64_TO_32_BIT_CONVERSION = YES;
				GCC_WARN_ABOUT_RETURN_TYPE = YES_ERROR;
				GCC_WARN_UNDECLARED_SELECTOR = YES;
				GCC_WARN_UNINITIALIZED_AUTOS = YES_AGGRESSIVE;
				GCC_WARN_UNUSED_FUNCTION = YES;
				GCC_WARN_UNUSED_VARIABLE = YES;
				IPHONEOS_DEPLOYMENT_TARGET = 13.7;
				MTL_ENABLE_DEBUG_INFO = NO;
				MTL_FAST_MATH = YES;
				SDKROOT = iphoneos;
				SWIFT_COMPILATION_MODE = wholemodule;
				SWIFT_OPTIMIZATION_LEVEL = "-O";
				VALIDATE_PRODUCT = YES;
			};
			name = Release;
		};
		926A834025D35CF600651424 /* Debug */ = {
			isa = XCBuildConfiguration;
			baseConfigurationReference = F81E227DBF2E80B4139A4B4F /* Pods-One Piece.debug.xcconfig */;
			buildSettings = {
				ASSETCATALOG_COMPILER_APPICON_NAME = AppIcon;
				CODE_SIGN_STYLE = Automatic;
				CURRENT_PROJECT_VERSION = 1.0.7;
				DEVELOPMENT_TEAM = 8L83CZ8839;
				INFOPLIST_FILE = "One Piece/Info.plist";
				LD_RUNPATH_SEARCH_PATHS = (
					"$(inherited)",
					"@executable_path/Frameworks",
				);
				PRODUCT_BUNDLE_IDENTIFIER = "jerry-lai.One-Piece";
				PRODUCT_NAME = "$(TARGET_NAME)";
				SWIFT_VERSION = 5.0;
				TARGETED_DEVICE_FAMILY = 1;
			};
			name = Debug;
		};
		926A834125D35CF600651424 /* Release */ = {
			isa = XCBuildConfiguration;
			baseConfigurationReference = 4FD20D2B4B680FAFDE52F260 /* Pods-One Piece.release.xcconfig */;
			buildSettings = {
				ASSETCATALOG_COMPILER_APPICON_NAME = AppIcon;
				CODE_SIGN_STYLE = Automatic;
				CURRENT_PROJECT_VERSION = 1.0.7;
				DEVELOPMENT_TEAM = 8L83CZ8839;
				INFOPLIST_FILE = "One Piece/Info.plist";
				LD_RUNPATH_SEARCH_PATHS = (
					"$(inherited)",
					"@executable_path/Frameworks",
				);
				PRODUCT_BUNDLE_IDENTIFIER = "jerry-lai.One-Piece";
				PRODUCT_NAME = "$(TARGET_NAME)";
				SWIFT_VERSION = 5.0;
				TARGETED_DEVICE_FAMILY = 1;
			};
			name = Release;
		};
/* End XCBuildConfiguration section */

/* Begin XCConfigurationList section */
		926A832625D35CF500651424 /* Build configuration list for PBXProject "One Piece" */ = {
			isa = XCConfigurationList;
			buildConfigurations = (
				926A833D25D35CF600651424 /* Debug */,
				926A833E25D35CF600651424 /* Release */,
			);
			defaultConfigurationIsVisible = 0;
			defaultConfigurationName = Release;
		};
		926A833F25D35CF600651424 /* Build configuration list for PBXNativeTarget "One Piece" */ = {
			isa = XCConfigurationList;
			buildConfigurations = (
				926A834025D35CF600651424 /* Debug */,
				926A834125D35CF600651424 /* Release */,
			);
			defaultConfigurationIsVisible = 0;
			defaultConfigurationName = Release;
		};
/* End XCConfigurationList section */
	};
	rootObject = 926A832325D35CF500651424 /* Project object */;
}
